// !$*UTF8*$!
{
 archiveVersion = 1; classes = {}; objectVersion = 56;
 objects = {
  A00000000000000000000001 = {isa = PBXProject; attributes = {LastUpgradeCheck = 2600;}; buildConfigurationList = A00000000000000000000002; compatibilityVersion = "Xcode 14.0"; developmentRegion = en; knownRegions = (en, Base); mainGroup = A00000000000000000000003; productRefGroup = A00000000000000000000004; projectDirPath = ""; projectRoot = ""; targets = (A00000000000000000000005);};
  A00000000000000000000002 = {isa = XCConfigurationList; buildConfigurations = (A00000000000000000000006); defaultConfigurationIsVisible = 0; defaultConfigurationName = Debug;};
  A00000000000000000000003 = {isa = PBXGroup; children = (A00000000000000000000007, A00000000000000000000008, A00000000000000000000009, A00000000000000000000004); sourceTree = "<group>";};
  A00000000000000000000004 = {isa = PBXGroup; children = (A0000000000000000000000A); name = Products; sourceTree = "<group>";};
  A00000000000000000000005 = {isa = PBXNativeTarget; buildConfigurationList = A0000000000000000000000B; buildPhases = (A0000000000000000000000C, A0000000000000000000000D, A0000000000000000000000E); buildRules = (); dependencies = (); name = QUADTest; productName = QUADTest; productReference = A0000000000000000000000A; productType = "com.apple.product-type.application";};
  A00000000000000000000006 = {isa = XCBuildConfiguration; buildSettings = {SDKROOT = iphoneos; IPHONEOS_DEPLOYMENT_TARGET = 16.4; SWIFT_VERSION = 5.0; CLANG_ENABLE_MODULES = YES;}; name = Debug;};
  A00000000000000000000007 = {isa = PBXFileReference; lastKnownFileType = sourcecode.swift; path = App.swift; sourceTree = "<group>";};
  A00000000000000000000008 = {isa = PBXFileReference; lastKnownFileType = text.plist.xml; path = Info.plist; sourceTree = "<group>";};
  A00000000000000000000009 = {isa = PBXFileReference; lastKnownFileType = folder; path = Web; sourceTree = "<group>";};
  A0000000000000000000000A = {isa = PBXFileReference; explicitFileType = wrapper.application; includeInIndex = 0; path = QUADTest.app; sourceTree = BUILT_PRODUCTS_DIR;};
  A0000000000000000000000B = {isa = XCConfigurationList; buildConfigurations = (A0000000000000000000000F); defaultConfigurationIsVisible = 0; defaultConfigurationName = Debug;};
  A0000000000000000000000C = {isa = PBXSourcesBuildPhase; buildActionMask = 2147483647; files = (A00000000000000000000010); runOnlyForDeploymentPostprocessing = 0;};
  A0000000000000000000000D = {isa = PBXFrameworksBuildPhase; buildActionMask = 2147483647; files = (); runOnlyForDeploymentPostprocessing = 0;};
  A0000000000000000000000E = {isa = PBXResourcesBuildPhase; buildActionMask = 2147483647; files = (A00000000000000000000011); runOnlyForDeploymentPostprocessing = 0;};
  A0000000000000000000000F = {isa = XCBuildConfiguration; buildSettings = {PRODUCT_BUNDLE_IDENTIFIER = dev.quad.preview.test; PRODUCT_NAME = "$(TARGET_NAME)"; INFOPLIST_FILE = Info.plist; TARGETED_DEVICE_FAMILY = "1,2"; CODE_SIGN_STYLE = Automatic;}; name = Debug;};
  A00000000000000000000010 = {isa = PBXBuildFile; fileRef = A00000000000000000000007;};
  A00000000000000000000011 = {isa = PBXBuildFile; fileRef = A00000000000000000000009;};
 };
 rootObject = A00000000000000000000001;
}
